# THIS IS AN AUTOGENERATED FILE. DO NOT EDIT THIS FILE DIRECTLY.
# yarn lockfile v1


"@vant/weapp@^1.9.2":
  version "1.9.2"
  resolved "https://registry.npmmirror.com/@vant/weapp/download/@vant/weapp-1.9.2.tgz#406174c11d3f421dbbeff995a556ce1d30629908"
  integrity sha1-QGF0wR0/Qh277/mVpVbOHTBimQg=

moment@^2.29.1:
  version "2.29.1"
  resolved "https://registry.npm.taobao.org/moment/download/moment-2.29.1.tgz?cache=0&sync_timestamp=1601983320283&other_urls=https%3A%2F%2Fregistry.npm.taobao.org%2Fmoment%2Fdownload%2Fmoment-2.29.1.tgz#b2be769fa31940be9eeea6469c075e35006fa3d3"
  integrity sha1-sr52n6MZQL6e7qZGnAdeNQBvo9M=
